
Microsoft Visual Studio Solution File, Format Version 11.00
# Visual Studio 2010
Project("{8BC9CEB8-8B4A-11D0-8D11-00A0C91BC942}") = "password", "password.vcxproj", "{276FD506-C0BE-4144-A1F8-AF5C775B33E9}"
EndProject
Global
	GlobalSection(SolutionConfigurationPlatforms) = preSolution
		Debug|Win32 = Debug|Win32
		Release|Win32 = Release|Win32
	EndGlobalSection
	GlobalSection(ProjectConfigurationPlatforms) = postSolution
		{276FD506-C0BE-4144-A1F8-AF5C775B33E9}.Debug|Win32.ActiveCfg = Debug|Win32
		{276FD506-C0BE-4144-A1F8-AF5C775B33E9}.Debug|Win32.Build.0 = Debug|Win32
		{276FD506-C0BE-4144-A1F8-AF5C775B33E9}.Release|Win32.ActiveCfg = Release|Win32
		{276FD506-C0BE-4144-A1F8-AF5C775B33E9}.Release|Win32.Build.0 = Release|Win32
	EndGlobalSection
	GlobalSection(SolutionProperties) = preSolution
		HideSolutionNode = FALSE
	EndGlobalSection
EndGlobal
